
Microsoft Visual Studio Solution File, Format Version 12.00
# Visual Studio Version 17
VisualStudioVersion = 17.6.33815.320
MinimumVisualStudioVersion = 10.0.40219.1
Project("{9A19103F-16F7-4668-BE54-9A1E7A4F7556}") = "Administration.Host", "Administration.Host\Administration.Host.csproj", "{0DD0C1C2-CB3E-4B68-BC1F-72F408CB9D80}"
EndProject
Project("{9A19103F-16F7-4668-BE54-9A1E7A4F7556}") = "BookService.Core", "..\BookService.Library\BookService.Core\BookService.Core.csproj", "{0A0721BE-F8EF-4ED3-8B85-98AF9C0685C9}"
EndProject
Project("{9A19103F-16F7-4668-BE54-9A1E7A4F7556}") = "BookService.Data", "..\BookService.Library\BookService.Data\BookService.Data.csproj", "{3D7C1FCA-F1A1-44A7-839A-885DA88C3913}"
EndProject
Global
	GlobalSection(SolutionConfigurationPlatforms) = preSolution
		Debug|Any CPU = Debug|Any CPU
		Release|Any CPU = Release|Any CPU
	EndGlobalSection
	GlobalSection(ProjectConfigurationPlatforms) = postSolution
		{0DD0C1C2-CB3E-4B68-BC1F-72F408CB9D80}.Debug|Any CPU.ActiveCfg = Debug|Any CPU
		{0DD0C1C2-CB3E-4B68-BC1F-72F408CB9D80}.Debug|Any CPU.Build.0 = Debug|Any CPU
		{0DD0C1C2-CB3E-4B68-BC1F-72F408CB9D80}.Release|Any CPU.ActiveCfg = Release|Any CPU
		{0DD0C1C2-CB3E-4B68-BC1F-72F408CB9D80}.Release|Any CPU.Build.0 = Release|Any CPU
		{0A0721BE-F8EF-4ED3-8B85-98AF9C0685C9}.Debug|Any CPU.ActiveCfg = Debug|Any CPU
		{0A0721BE-F8EF-4ED3-8B85-98AF9C0685C9}.Debug|Any CPU.Build.0 = Debug|Any CPU
		{0A0721BE-F8EF-4ED3-8B85-98AF9C0685C9}.Release|Any CPU.ActiveCfg = Release|Any CPU
		{0A0721BE-F8EF-4ED3-8B85-98AF9C0685C9}.Release|Any CPU.Build.0 = Release|Any CPU
		{3D7C1FCA-F1A1-44A7-839A-885DA88C3913}.Debug|Any CPU.ActiveCfg = Debug|Any CPU
		{3D7C1FCA-F1A1-44A7-839A-885DA88C3913}.Debug|Any CPU.Build.0 = Debug|Any CPU
		{3D7C1FCA-F1A1-44A7-839A-885DA88C3913}.Release|Any CPU.ActiveCfg = Release|Any CPU
		{3D7C1FCA-F1A1-44A7-839A-885DA88C3913}.Release|Any CPU.Build.0 = Release|Any CPU
	EndGlobalSection
	GlobalSection(SolutionProperties) = preSolution
		HideSolutionNode = FALSE
	EndGlobalSection
	GlobalSection(ExtensibilityGlobals) = postSolution
		SolutionGuid = {AD407A4E-9A81-4CEA-8551-151953CA165C}
	EndGlobalSection
EndGlobal
